{
  "requires": true,
  "lockfileVersion": 1,
  "dependencies": {
    "asyncawait": {
      "version": "1.0.6",
      "resolved": "https://registry.npmjs.org/asyncawait/-/asyncawait-1.0.6.tgz",
      "integrity": "sha1-5EbPVOUWpBbXQju+Nb8LTitzi2c=",
      "requires": {
        "bluebird": "3.5.1",
        "fibers": "1.0.15",
        "lodash": "3.10.1"
      }
    },
    "bluebird": {
      "version": "3.5.1",
      "resolved": "https://registry.npmjs.org/bluebird/-/bluebird-3.5.1.tgz",
      "integrity": "sha512-MKiLiV+I1AA596t9w1sQJ8jkiSr5+ZKi0WKrYGUn6d1Fx+Ij4tIj+m2WMQSGczs5jZVxV339chE8iwk6F64wjA=="
    },
    "fibers": {
      "version": "1.0.15",
      "resolved": "https://registry.npmjs.org/fibers/-/fibers-1.0.15.tgz",
      "integrity": "sha1-IvA5yPGLhWGQ+75N7PBWFUwerpw="
    },
    "lodash": {
      "version": "3.10.1",
      "resolved": "https://registry.npmjs.org/lodash/-/lodash-3.10.1.tgz",
      "integrity": "sha1-W/Rejkm6QYnhfUgnid/RW9FAt7Y="
    }
  }
}
